
Microsoft Visual Studio Solution File, Format Version 12.00
# Visual Studio Version 17
VisualStudioVersion = 17.5.002.0
MinimumVisualStudioVersion = 10.0.40219.1
Project("{9A19103F-16F7-4668-BE54-9A1E7A4F7556}") = "Exercicio04-DoWhile", "Exercicio04-DoWhile.csproj", "{4C5CCB72-E017-4836-89D9-E18948B42B0D}"
EndProject
Global
	GlobalSection(SolutionConfigurationPlatforms) = preSolution
		Debug|Any CPU = Debug|Any CPU
		Release|Any CPU = Release|Any CPU
	EndGlobalSection
	GlobalSection(ProjectConfigurationPlatforms) = postSolution
		{4C5CCB72-E017-4836-89D9-E18948B42B0D}.Debug|Any CPU.ActiveCfg = Debug|Any CPU
		{4C5CCB72-E017-4836-89D9-E18948B42B0D}.Debug|Any CPU.Build.0 = Debug|Any CPU
		{4C5CCB72-E017-4836-89D9-E18948B42B0D}.Release|Any CPU.ActiveCfg = Release|Any CPU
		{4C5CCB72-E017-4836-89D9-E18948B42B0D}.Release|Any CPU.Build.0 = Release|Any CPU
	EndGlobalSection
	GlobalSection(SolutionProperties) = preSolution
		HideSolutionNode = FALSE
	EndGlobalSection
	GlobalSection(ExtensibilityGlobals) = postSolution
		SolutionGuid = {3EDADBA5-C92E-4F83-A54E-8B8256D20FEE}
	EndGlobalSection
EndGlobal
