
Microsoft Visual Studio Solution File, Format Version 12.00
# Visual Studio Version 17
VisualStudioVersion = 17.5.002.0
MinimumVisualStudioVersion = 10.0.40219.1
Project("{9A19103F-16F7-4668-BE54-9A1E7A4F7556}") = "Exercicio02", "Exercicio02.csproj", "{4BB98A3B-F767-4AFA-B221-433315DCBECA}"
EndProject
Global
	GlobalSection(SolutionConfigurationPlatforms) = preSolution
		Debug|Any CPU = Debug|Any CPU
		Release|Any CPU = Release|Any CPU
	EndGlobalSection
	GlobalSection(ProjectConfigurationPlatforms) = postSolution
		{4BB98A3B-F767-4AFA-B221-433315DCBECA}.Debug|Any CPU.ActiveCfg = Debug|Any CPU
		{4BB98A3B-F767-4AFA-B221-433315DCBECA}.Debug|Any CPU.Build.0 = Debug|Any CPU
		{4BB98A3B-F767-4AFA-B221-433315DCBECA}.Release|Any CPU.ActiveCfg = Release|Any CPU
		{4BB98A3B-F767-4AFA-B221-433315DCBECA}.Release|Any CPU.Build.0 = Release|Any CPU
	EndGlobalSection
	GlobalSection(SolutionProperties) = preSolution
		HideSolutionNode = FALSE
	EndGlobalSection
	GlobalSection(ExtensibilityGlobals) = postSolution
		SolutionGuid = {3649998D-DB4F-4D33-A9BD-06F0487645C9}
	EndGlobalSection
EndGlobal
